
Microsoft Visual Studio Solution File, Format Version 12.00
# Visual Studio Version 17
VisualStudioVersion = 17.6.33829.357
MinimumVisualStudioVersion = 10.0.40219.1
Project("{9A19103F-16F7-4668-BE54-9A1E7A4F7556}") = "WarhornManager", "WarhornManager\WarhornManager.csproj", "{26F76937-5DCD-4316-8DD9-D729A92A050C}"
	ProjectSection(ProjectDependencies) = postProject
		{30643F9F-A30F-464B-9ADA-ECCB53E30B99} = {30643F9F-A30F-464B-9ADA-ECCB53E30B99}
	EndProjectSection
EndProject
Project("{9A19103F-16F7-4668-BE54-9A1E7A4F7556}") = "Sandpit_Warhorn", "Sandpit_Warhorn\Sandpit_Warhorn.csproj", "{BDCF8354-65E9-41FE-9A27-B987D0DD2EB5}"
	ProjectSection(ProjectDependencies) = postProject
		{30643F9F-A30F-464B-9ADA-ECCB53E30B99} = {30643F9F-A30F-464B-9ADA-ECCB53E30B99}
	EndProjectSection
EndProject
Project("{9A19103F-16F7-4668-BE54-9A1E7A4F7556}") = "Warhorn.API.Types", "Warhorn.API.Types\Warhorn.API.Types.csproj", "{30643F9F-A30F-464B-9ADA-ECCB53E30B99}"
EndProject
Global
	GlobalSection(SolutionConfigurationPlatforms) = preSolution
		Debug|Any CPU = Debug|Any CPU
		Release|Any CPU = Release|Any CPU
	EndGlobalSection
	GlobalSection(ProjectConfigurationPlatforms) = postSolution
		{26F76937-5DCD-4316-8DD9-D729A92A050C}.Debug|Any CPU.ActiveCfg = Debug|Any CPU
		{26F76937-5DCD-4316-8DD9-D729A92A050C}.Debug|Any CPU.Build.0 = Debug|Any CPU
		{26F76937-5DCD-4316-8DD9-D729A92A050C}.Release|Any CPU.ActiveCfg = Release|Any CPU
		{26F76937-5DCD-4316-8DD9-D729A92A050C}.Release|Any CPU.Build.0 = Release|Any CPU
		{BDCF8354-65E9-41FE-9A27-B987D0DD2EB5}.Debug|Any CPU.ActiveCfg = Debug|Any CPU
		{BDCF8354-65E9-41FE-9A27-B987D0DD2EB5}.Debug|Any CPU.Build.0 = Debug|Any CPU
		{BDCF8354-65E9-41FE-9A27-B987D0DD2EB5}.Release|Any CPU.ActiveCfg = Release|Any CPU
		{BDCF8354-65E9-41FE-9A27-B987D0DD2EB5}.Release|Any CPU.Build.0 = Release|Any CPU
		{30643F9F-A30F-464B-9ADA-ECCB53E30B99}.Debug|Any CPU.ActiveCfg = Debug|Any CPU
		{30643F9F-A30F-464B-9ADA-ECCB53E30B99}.Debug|Any CPU.Build.0 = Debug|Any CPU
		{30643F9F-A30F-464B-9ADA-ECCB53E30B99}.Release|Any CPU.ActiveCfg = Release|Any CPU
		{30643F9F-A30F-464B-9ADA-ECCB53E30B99}.Release|Any CPU.Build.0 = Release|Any CPU
	EndGlobalSection
	GlobalSection(SolutionProperties) = preSolution
		HideSolutionNode = FALSE
	EndGlobalSection
	GlobalSection(ExtensibilityGlobals) = postSolution
		SolutionGuid = {1318F0B5-C639-4510-9E86-3F30475D0438}
	EndGlobalSection
EndGlobal
